
Microsoft Visual Studio Solution File, Format Version 12.00
# Visual Studio 15
VisualStudioVersion = 15.0.27703.2047
MinimumVisualStudioVersion = 14.0.23107.0
Project("{2150E333-8FDC-42A3-9474-1A3956D46DE8}") = "CustomRootRenderFeature", "CustomRootRenderFeature", "{D2861919-FFD5-4301-BC25-4EF8D65D86F4}"
	ProjectSection(XenkoPackage) = preProject
		CustomRootRenderFeature/CustomRootRenderFeature.xkpkg = CustomRootRenderFeature/CustomRootRenderFeature.xkpkg
	EndProjectSection
EndProject
Project("{9A19103F-16F7-4668-BE54-9A1E7A4F7556}") = "CustomRootRenderFeature.Windows", "CustomRootRenderFeature\CustomRootRenderFeature.Windows\CustomRootRenderFeature.Windows.csproj", "{B5D7B8FF-F3E7-461C-838F-4BF53208964D}"
EndProject
Project("{9A19103F-16F7-4668-BE54-9A1E7A4F7556}") = "CustomRootRenderFeature.Game", "CustomRootRenderFeature\CustomRootRenderFeature.Game\CustomRootRenderFeature.Game.csproj", "{946EDCDB-3108-4BFD-8215-A6D719328FA5}"
EndProject
Global
	GlobalSection(SolutionConfigurationPlatforms) = preSolution
		AppStore|Any CPU = AppStore|Any CPU
		AppStore|Mixed Platforms = AppStore|Mixed Platforms
		AppStore|Windows = AppStore|Windows
		Debug|Any CPU = Debug|Any CPU
		Debug|Mixed Platforms = Debug|Mixed Platforms
		Debug|Windows = Debug|Windows
		Release|Any CPU = Release|Any CPU
		Release|Mixed Platforms = Release|Mixed Platforms
		Release|Windows = Release|Windows
		Testing|Any CPU = Testing|Any CPU
		Testing|Mixed Platforms = Testing|Mixed Platforms
		Testing|Windows = Testing|Windows
	EndGlobalSection
	GlobalSection(ProjectConfigurationPlatforms) = postSolution
		{B5D7B8FF-F3E7-461C-838F-4BF53208964D}.AppStore|Any CPU.ActiveCfg = AppStore|Any CPU
		{B5D7B8FF-F3E7-461C-838F-4BF53208964D}.AppStore|Any CPU.Build.0 = AppStore|Any CPU
		{B5D7B8FF-F3E7-461C-838F-4BF53208964D}.AppStore|Any CPU.Deploy.0 = AppStore|Any CPU
		{B5D7B8FF-F3E7-461C-838F-4BF53208964D}.AppStore|Mixed Platforms.ActiveCfg = AppStore|Any CPU
		{B5D7B8FF-F3E7-461C-838F-4BF53208964D}.AppStore|Mixed Platforms.Build.0 = AppStore|Any CPU
		{B5D7B8FF-F3E7-461C-838F-4BF53208964D}.AppStore|Mixed Platforms.Deploy.0 = AppStore|Any CPU
		{B5D7B8FF-F3E7-461C-838F-4BF53208964D}.AppStore|Windows.ActiveCfg = AppStore|Any CPU
		{B5D7B8FF-F3E7-461C-838F-4BF53208964D}.AppStore|Windows.Build.0 = AppStore|Any CPU
		{B5D7B8FF-F3E7-461C-838F-4BF53208964D}.AppStore|Windows.Deploy.0 = AppStore|Any CPU
		{B5D7B8FF-F3E7-461C-838F-4BF53208964D}.Debug|Any CPU.ActiveCfg = Debug|Any CPU
		{B5D7B8FF-F3E7-461C-838F-4BF53208964D}.Debug|Any CPU.Build.0 = Debug|Any CPU
		{B5D7B8FF-F3E7-461C-838F-4BF53208964D}.Debug|Any CPU.Deploy.0 = Debug|Any CPU
		{B5D7B8FF-F3E7-461C-838F-4BF53208964D}.Debug|Mixed Platforms.ActiveCfg = Debug|Any CPU
		{B5D7B8FF-F3E7-461C-838F-4BF53208964D}.Debug|Mixed Platforms.Build.0 = Debug|Any CPU
		{B5D7B8FF-F3E7-461C-838F-4BF53208964D}.Debug|Mixed Platforms.Deploy.0 = Debug|Any CPU
		{B5D7B8FF-F3E7-461C-838F-4BF53208964D}.Debug|Windows.ActiveCfg = Debug|Any CPU
		{B5D7B8FF-F3E7-461C-838F-4BF53208964D}.Debug|Windows.Build.0 = Debug|Any CPU
		{B5D7B8FF-F3E7-461C-838F-4BF53208964D}.Debug|Windows.Deploy.0 = Debug|Any CPU
		{B5D7B8FF-F3E7-461C-838F-4BF53208964D}.Release|Any CPU.ActiveCfg = Release|Any CPU
		{B5D7B8FF-F3E7-461C-838F-4BF53208964D}.Release|Any CPU.Build.0 = Release|Any CPU
		{B5D7B8FF-F3E7-461C-838F-4BF53208964D}.Release|Any CPU.Deploy.0 = Release|Any CPU
		{B5D7B8FF-F3E7-461C-838F-4BF53208964D}.Release|Mixed Platforms.ActiveCfg = Release|Any CPU
		{B5D7B8FF-F3E7-461C-838F-4BF53208964D}.Release|Mixed Platforms.Build.0 = Release|Any CPU
		{B5D7B8FF-F3E7-461C-838F-4BF53208964D}.Release|Mixed Platforms.Deploy.0 = Release|Any CPU
		{B5D7B8FF-F3E7-461C-838F-4BF53208964D}.Release|Windows.ActiveCfg = Release|Any CPU
		{B5D7B8FF-F3E7-461C-838F-4BF53208964D}.Release|Windows.Build.0 = Release|Any CPU
		{B5D7B8FF-F3E7-461C-838F-4BF53208964D}.Release|Windows.Deploy.0 = Release|Any CPU
		{B5D7B8FF-F3E7-461C-838F-4BF53208964D}.Testing|Any CPU.ActiveCfg = Testing|Any CPU
		{B5D7B8FF-F3E7-461C-838F-4BF53208964D}.Testing|Any CPU.Build.0 = Testing|Any CPU
		{B5D7B8FF-F3E7-461C-838F-4BF53208964D}.Testing|Any CPU.Deploy.0 = Testing|Any CPU
		{B5D7B8FF-F3E7-461C-838F-4BF53208964D}.Testing|Mixed Platforms.ActiveCfg = Testing|Any CPU
		{B5D7B8FF-F3E7-461C-838F-4BF53208964D}.Testing|Mixed Platforms.Build.0 = Testing|Any CPU
		{B5D7B8FF-F3E7-461C-838F-4BF53208964D}.Testing|Mixed Platforms.Deploy.0 = Testing|Any CPU
		{B5D7B8FF-F3E7-461C-838F-4BF53208964D}.Testing|Windows.ActiveCfg = Testing|Any CPU
		{B5D7B8FF-F3E7-461C-838F-4BF53208964D}.Testing|Windows.Build.0 = Testing|Any CPU
		{B5D7B8FF-F3E7-461C-838F-4BF53208964D}.Testing|Windows.Deploy.0 = Testing|Any CPU
		{946EDCDB-3108-4BFD-8215-A6D719328FA5}.AppStore|Any CPU.ActiveCfg = AppStore|Any CPU
		{946EDCDB-3108-4BFD-8215-A6D719328FA5}.AppStore|Any CPU.Build.0 = AppStore|Any CPU
		{946EDCDB-3108-4BFD-8215-A6D719328FA5}.AppStore|Mixed Platforms.ActiveCfg = AppStore|Any CPU
		{946EDCDB-3108-4BFD-8215-A6D719328FA5}.AppStore|Mixed Platforms.Build.0 = AppStore|Any CPU
		{946EDCDB-3108-4BFD-8215-A6D719328FA5}.AppStore|Windows.ActiveCfg = AppStore|Any CPU
		{946EDCDB-3108-4BFD-8215-A6D719328FA5}.AppStore|Windows.Build.0 = AppStore|Any CPU
		{946EDCDB-3108-4BFD-8215-A6D719328FA5}.Debug|Any CPU.ActiveCfg = Debug|Any CPU
		{946EDCDB-3108-4BFD-8215-A6D719328FA5}.Debug|Any CPU.Build.0 = Debug|Any CPU
		{946EDCDB-3108-4BFD-8215-A6D719328FA5}.Debug|Mixed Platforms.ActiveCfg = Debug|Any CPU
		{946EDCDB-3108-4BFD-8215-A6D719328FA5}.Debug|Mixed Platforms.Build.0 = Debug|Any CPU
		{946EDCDB-3108-4BFD-8215-A6D719328FA5}.Debug|Windows.ActiveCfg = Debug|Any CPU
		{946EDCDB-3108-4BFD-8215-A6D719328FA5}.Debug|Windows.Build.0 = Debug|Any CPU
		{946EDCDB-3108-4BFD-8215-A6D719328FA5}.Release|Any CPU.ActiveCfg = Release|Any CPU
		{946EDCDB-3108-4BFD-8215-A6D719328FA5}.Release|Any CPU.Build.0 = Release|Any CPU
		{946EDCDB-3108-4BFD-8215-A6D719328FA5}.Release|Mixed Platforms.ActiveCfg = Release|Any CPU
		{946EDCDB-3108-4BFD-8215-A6D719328FA5}.Release|Mixed Platforms.Build.0 = Release|Any CPU
		{946EDCDB-3108-4BFD-8215-A6D719328FA5}.Release|Windows.ActiveCfg = Release|Any CPU
		{946EDCDB-3108-4BFD-8215-A6D719328FA5}.Release|Windows.Build.0 = Release|Any CPU
		{946EDCDB-3108-4BFD-8215-A6D719328FA5}.Testing|Any CPU.ActiveCfg = Testing|Any CPU
		{946EDCDB-3108-4BFD-8215-A6D719328FA5}.Testing|Any CPU.Build.0 = Testing|Any CPU
		{946EDCDB-3108-4BFD-8215-A6D719328FA5}.Testing|Mixed Platforms.ActiveCfg = Testing|Any CPU
		{946EDCDB-3108-4BFD-8215-A6D719328FA5}.Testing|Mixed Platforms.Build.0 = Testing|Any CPU
		{946EDCDB-3108-4BFD-8215-A6D719328FA5}.Testing|Windows.ActiveCfg = Testing|Any CPU
		{946EDCDB-3108-4BFD-8215-A6D719328FA5}.Testing|Windows.Build.0 = Testing|Any CPU
	EndGlobalSection
	GlobalSection(SolutionProperties) = preSolution
		HideSolutionNode = FALSE
	EndGlobalSection
	GlobalSection(NestedProjects) = preSolution
		{B5D7B8FF-F3E7-461C-838F-4BF53208964D} = {D2861919-FFD5-4301-BC25-4EF8D65D86F4}
		{946EDCDB-3108-4BFD-8215-A6D719328FA5} = {D2861919-FFD5-4301-BC25-4EF8D65D86F4}
	EndGlobalSection
	GlobalSection(ExtensibilityGlobals) = postSolution
		SolutionGuid = {23C89C2C-C10C-411E-B94C-9DAD81C5805A}
	EndGlobalSection
EndGlobal
